
Microsoft Visual Studio Solution File, Format Version 12.00
# Visual Studio 15
VisualStudioVersion = 15.0.27130.2036
MinimumVisualStudioVersion = 10.0.40219.1
Project("{FAE04EC0-301F-11D3-BF4B-00C04F79EFBC}") = "WebApplication1", "WebApplication1\WebApplication1.csproj", "{A73C7F47-44F8-4D84-8807-7D2D50FE9E8E}"
EndProject
Global
	GlobalSection(SolutionConfigurationPlatforms) = preSolution
		Debug|Any CPU = Debug|Any CPU
		Release|Any CPU = Release|Any CPU
	EndGlobalSection
	GlobalSection(ProjectConfigurationPlatforms) = postSolution
		{A73C7F47-44F8-4D84-8807-7D2D50FE9E8E}.Debug|Any CPU.ActiveCfg = Debug|Any CPU
		{A73C7F47-44F8-4D84-8807-7D2D50FE9E8E}.Debug|Any CPU.Build.0 = Debug|Any CPU
		{A73C7F47-44F8-4D84-8807-7D2D50FE9E8E}.Release|Any CPU.ActiveCfg = Release|Any CPU
		{A73C7F47-44F8-4D84-8807-7D2D50FE9E8E}.Release|Any CPU.Build.0 = Release|Any CPU
	EndGlobalSection
	GlobalSection(SolutionProperties) = preSolution
		HideSolutionNode = FALSE
	EndGlobalSection
	GlobalSection(ExtensibilityGlobals) = postSolution
		SolutionGuid = {70C7DEA6-61E9-4D90-83F1-508961352F02}
	EndGlobalSection
EndGlobal
